
Microsoft Visual Studio Solution File, Format Version 12.00
# Visual Studio Version 17
VisualStudioVersion = 17.14.36202.13 d17.14
MinimumVisualStudioVersion = 10.0.40219.1
Project("{FAE04EC0-301F-11D3-BF4B-00C04F79EFBC}") = "WebAPI", "WebAPI\WebAPI.csproj", "{00B04879-D424-495D-A248-C0223BFDA81F}"
EndProject
Global
	GlobalSection(SolutionConfigurationPlatforms) = preSolution
		Debug|Any CPU = Debug|Any CPU
		Release|Any CPU = Release|Any CPU
	EndGlobalSection
	GlobalSection(ProjectConfigurationPlatforms) = postSolution
		{00B04879-D424-495D-A248-C0223BFDA81F}.Debug|Any CPU.ActiveCfg = Debug|Any CPU
		{00B04879-D424-495D-A248-C0223BFDA81F}.Debug|Any CPU.Build.0 = Debug|Any CPU
		{00B04879-D424-495D-A248-C0223BFDA81F}.Release|Any CPU.ActiveCfg = Release|Any CPU
		{00B04879-D424-495D-A248-C0223BFDA81F}.Release|Any CPU.Build.0 = Release|Any CPU
	EndGlobalSection
	GlobalSection(SolutionProperties) = preSolution
		HideSolutionNode = FALSE
	EndGlobalSection
	GlobalSection(ExtensibilityGlobals) = postSolution
		SolutionGuid = {4C1B226C-D0FC-45A4-822D-2D5F963E429C}
	EndGlobalSection
EndGlobal
