
Microsoft Visual Studio Solution File, Format Version 12.00
# Visual Studio Version 17
VisualStudioVersion = 17.14.36202.13
MinimumVisualStudioVersion = 10.0.40219.1
Project("{FAE04EC0-301F-11D3-BF4B-00C04F79EFBC}") = "Services", "..\CETS.Core\Services\Services.csproj", "{6B0ED2CB-B2D7-F3BE-8577-E0DCFB4BD66A}"
EndProject
Project("{FAE04EC0-301F-11D3-BF4B-00C04F79EFBC}") = "DTOs", "..\CETS.Core\DTOs\DTOs.csproj", "{3E70B586-92C1-151F-6580-CD803A701874}"
EndProject
Project("{2150E333-8FDC-42A3-9474-1A3956D46DE8}") = "Core", "Core", "{02EA681E-C7D8-13C7-8484-4AC65E1B71E8}"
EndProject
Project("{FAE04EC0-301F-11D3-BF4B-00C04F79EFBC}") = "Repositories", "..\CETS.Core\Repositories\Repositories.csproj", "{ED2715DE-9145-240C-5CAA-1C73FB60605C}"
EndProject
Project("{FAE04EC0-301F-11D3-BF4B-00C04F79EFBC}") = "Utils", "..\CETS.Core\Utils\Utils.csproj", "{3085AB4A-10F6-2B4A-C3F3-D37C8A3AE533}"
EndProject
Project("{FAE04EC0-301F-11D3-BF4B-00C04F79EFBC}") = "BusinessObjects", "..\CETS.Core\BusinessObjects\BusinessObjects.csproj", "{E5F8C0CE-A955-8585-9726-650B9E477433}"
EndProject
Project("{FAE04EC0-301F-11D3-BF4B-00C04F79EFBC}") = "CETS.API.Gateway", "CETS.API.Gateway\CETS.API.Gateway.csproj", "{46567172-83B6-969E-8CAD-1EA9B591828B}"
EndProject
Project("{FAE04EC0-301F-11D3-BF4B-00C04F79EFBC}") = "CETS.API.Web", "CETS.API.Web\CETS.API.Web.csproj", "{D4CDB14F-6504-D5C7-3B2A-D9D07650889E}"
	ProjectSection(ProjectDependencies) = postProject
		{3E70B586-92C1-151F-6580-CD803A701874} = {3E70B586-92C1-151F-6580-CD803A701874}
		{6B0ED2CB-B2D7-F3BE-8577-E0DCFB4BD66A} = {6B0ED2CB-B2D7-F3BE-8577-E0DCFB4BD66A}
		{3085AB4A-10F6-2B4A-C3F3-D37C8A3AE533} = {3085AB4A-10F6-2B4A-C3F3-D37C8A3AE533}
	EndProjectSection
EndProject
Global
	GlobalSection(SolutionConfigurationPlatforms) = preSolution
		Debug|Any CPU = Debug|Any CPU
		Release|Any CPU = Release|Any CPU
	EndGlobalSection
	GlobalSection(ProjectConfigurationPlatforms) = postSolution
		{6B0ED2CB-B2D7-F3BE-8577-E0DCFB4BD66A}.Debug|Any CPU.ActiveCfg = Debug|Any CPU
		{6B0ED2CB-B2D7-F3BE-8577-E0DCFB4BD66A}.Debug|Any CPU.Build.0 = Debug|Any CPU
		{6B0ED2CB-B2D7-F3BE-8577-E0DCFB4BD66A}.Release|Any CPU.ActiveCfg = Release|Any CPU
		{6B0ED2CB-B2D7-F3BE-8577-E0DCFB4BD66A}.Release|Any CPU.Build.0 = Release|Any CPU
		{3E70B586-92C1-151F-6580-CD803A701874}.Debug|Any CPU.ActiveCfg = Debug|Any CPU
		{3E70B586-92C1-151F-6580-CD803A701874}.Debug|Any CPU.Build.0 = Debug|Any CPU
		{3E70B586-92C1-151F-6580-CD803A701874}.Release|Any CPU.ActiveCfg = Release|Any CPU
		{3E70B586-92C1-151F-6580-CD803A701874}.Release|Any CPU.Build.0 = Release|Any CPU
		{ED2715DE-9145-240C-5CAA-1C73FB60605C}.Debug|Any CPU.ActiveCfg = Debug|Any CPU
		{ED2715DE-9145-240C-5CAA-1C73FB60605C}.Debug|Any CPU.Build.0 = Debug|Any CPU
		{ED2715DE-9145-240C-5CAA-1C73FB60605C}.Release|Any CPU.ActiveCfg = Release|Any CPU
		{ED2715DE-9145-240C-5CAA-1C73FB60605C}.Release|Any CPU.Build.0 = Release|Any CPU
		{3085AB4A-10F6-2B4A-C3F3-D37C8A3AE533}.Debug|Any CPU.ActiveCfg = Debug|Any CPU
		{3085AB4A-10F6-2B4A-C3F3-D37C8A3AE533}.Debug|Any CPU.Build.0 = Debug|Any CPU
		{3085AB4A-10F6-2B4A-C3F3-D37C8A3AE533}.Release|Any CPU.ActiveCfg = Release|Any CPU
		{3085AB4A-10F6-2B4A-C3F3-D37C8A3AE533}.Release|Any CPU.Build.0 = Release|Any CPU
		{E5F8C0CE-A955-8585-9726-650B9E477433}.Debug|Any CPU.ActiveCfg = Debug|Any CPU
		{E5F8C0CE-A955-8585-9726-650B9E477433}.Debug|Any CPU.Build.0 = Debug|Any CPU
		{E5F8C0CE-A955-8585-9726-650B9E477433}.Release|Any CPU.ActiveCfg = Release|Any CPU
		{E5F8C0CE-A955-8585-9726-650B9E477433}.Release|Any CPU.Build.0 = Release|Any CPU
		{46567172-83B6-969E-8CAD-1EA9B591828B}.Debug|Any CPU.ActiveCfg = Debug|Any CPU
		{46567172-83B6-969E-8CAD-1EA9B591828B}.Debug|Any CPU.Build.0 = Debug|Any CPU
		{46567172-83B6-969E-8CAD-1EA9B591828B}.Release|Any CPU.ActiveCfg = Release|Any CPU
		{46567172-83B6-969E-8CAD-1EA9B591828B}.Release|Any CPU.Build.0 = Release|Any CPU
		{D4CDB14F-6504-D5C7-3B2A-D9D07650889E}.Debug|Any CPU.ActiveCfg = Debug|Any CPU
		{D4CDB14F-6504-D5C7-3B2A-D9D07650889E}.Debug|Any CPU.Build.0 = Debug|Any CPU
		{D4CDB14F-6504-D5C7-3B2A-D9D07650889E}.Release|Any CPU.ActiveCfg = Release|Any CPU
		{D4CDB14F-6504-D5C7-3B2A-D9D07650889E}.Release|Any CPU.Build.0 = Release|Any CPU
	EndGlobalSection
	GlobalSection(SolutionProperties) = preSolution
		HideSolutionNode = FALSE
	EndGlobalSection
	GlobalSection(NestedProjects) = preSolution
		{6B0ED2CB-B2D7-F3BE-8577-E0DCFB4BD66A} = {02EA681E-C7D8-13C7-8484-4AC65E1B71E8}
		{3E70B586-92C1-151F-6580-CD803A701874} = {02EA681E-C7D8-13C7-8484-4AC65E1B71E8}
		{ED2715DE-9145-240C-5CAA-1C73FB60605C} = {02EA681E-C7D8-13C7-8484-4AC65E1B71E8}
		{3085AB4A-10F6-2B4A-C3F3-D37C8A3AE533} = {02EA681E-C7D8-13C7-8484-4AC65E1B71E8}
		{E5F8C0CE-A955-8585-9726-650B9E477433} = {02EA681E-C7D8-13C7-8484-4AC65E1B71E8}
	EndGlobalSection
	GlobalSection(ExtensibilityGlobals) = postSolution
		SolutionGuid = {4C1B226C-D0FC-45A4-822D-2D5F963E429C}
	EndGlobalSection
EndGlobal
