
Microsoft Visual Studio Solution File, Format Version 12.00
# Visual Studio Version 17
VisualStudioVersion = 17.14.36202.13
MinimumVisualStudioVersion = 10.0.40219.1
Project("{FAE04EC0-301F-11D3-BF4B-00C04F79EFBC}") = "DTOs", "..\CETS.Core\DTOs\DTOs.csproj", "{3E70B586-92C1-151F-6580-CD803A701874}"
EndProject
<<<<<<< HEAD
Project("{2150E333-8FDC-42A3-9474-1A3956D46DE8}") = "CETS.Core.Web", "CETS.Core.Web", "{02EA681E-C7D8-13C7-8484-4AC65E1B71E8}"
=======
Project("{2150E333-8FDC-42A3-9474-1A3956D46DE8}") = "CETS.Core.API", "CETS.Core.API", "{02EA681E-C7D8-13C7-8484-4AC65E1B71E8}"
EndProject
Project("{FAE04EC0-301F-11D3-BF4B-00C04F79EFBC}") = "Repositories", "..\CETS.Core\Repositories\Repositories.csproj", "{ED2715DE-9145-240C-5CAA-1C73FB60605C}"
>>>>>>> 0e18617 (refactor: rename Core solution folder)
EndProject
Project("{FAE04EC0-301F-11D3-BF4B-00C04F79EFBC}") = "Utils", "..\CETS.Core\Utils\Utils.csproj", "{3085AB4A-10F6-2B4A-C3F3-D37C8A3AE533}"
EndProject
Project("{FAE04EC0-301F-11D3-BF4B-00C04F79EFBC}") = "CETS.API.Gateway", "CETS.API.Gateway\CETS.API.Gateway.csproj", "{46567172-83B6-969E-8CAD-1EA9B591828B}"
EndProject
Project("{FAE04EC0-301F-11D3-BF4B-00C04F79EFBC}") = "CETS.API.Web", "CETS.API.Web\CETS.API.Web.csproj", "{D4CDB14F-6504-D5C7-3B2A-D9D07650889E}"
	ProjectSection(ProjectDependencies) = postProject
		{3E70B586-92C1-151F-6580-CD803A701874} = {3E70B586-92C1-151F-6580-CD803A701874}
		{3085AB4A-10F6-2B4A-C3F3-D37C8A3AE533} = {3085AB4A-10F6-2B4A-C3F3-D37C8A3AE533}
	EndProjectSection
EndProject
Project("{2150E333-8FDC-42A3-9474-1A3956D46DE8}") = "CETS.Core.Shared", "CETS.Core.Shared", "{3BEF4C3E-C3FC-4481-9598-D799461B0608}"
EndProject
<<<<<<< HEAD
Project("{FAE04EC0-301F-11D3-BF4B-00C04F79EFBC}") = "Infrastructure", "..\CETS.Core\Infrastructure\Infrastructure.csproj", "{B7531B49-50CD-7619-AA70-4EECF49F91FC}"
EndProject
Project("{FAE04EC0-301F-11D3-BF4B-00C04F79EFBC}") = "Application", "..\CETS.Core\Application\Application.csproj", "{B61335A5-1773-AF19-0D3E-DE96C9DA12B1}"
EndProject
Project("{FAE04EC0-301F-11D3-BF4B-00C04F79EFBC}") = "Domain", "..\CETS.Core\Domain\Domain.csproj", "{A42AA047-79EC-0EAE-9E9C-CF0860D5B2AE}"
EndProject
=======
>>>>>>> 0e18617 (refactor: rename Core solution folder)
Global
	GlobalSection(SolutionConfigurationPlatforms) = preSolution
		Debug|Any CPU = Debug|Any CPU
		Release|Any CPU = Release|Any CPU
	EndGlobalSection
	GlobalSection(ProjectConfigurationPlatforms) = postSolution
		{3E70B586-92C1-151F-6580-CD803A701874}.Debug|Any CPU.ActiveCfg = Debug|Any CPU
		{3E70B586-92C1-151F-6580-CD803A701874}.Debug|Any CPU.Build.0 = Debug|Any CPU
		{3E70B586-92C1-151F-6580-CD803A701874}.Release|Any CPU.ActiveCfg = Release|Any CPU
		{3E70B586-92C1-151F-6580-CD803A701874}.Release|Any CPU.Build.0 = Release|Any CPU
		{3085AB4A-10F6-2B4A-C3F3-D37C8A3AE533}.Debug|Any CPU.ActiveCfg = Debug|Any CPU
		{3085AB4A-10F6-2B4A-C3F3-D37C8A3AE533}.Debug|Any CPU.Build.0 = Debug|Any CPU
		{3085AB4A-10F6-2B4A-C3F3-D37C8A3AE533}.Release|Any CPU.ActiveCfg = Release|Any CPU
		{3085AB4A-10F6-2B4A-C3F3-D37C8A3AE533}.Release|Any CPU.Build.0 = Release|Any CPU
		{46567172-83B6-969E-8CAD-1EA9B591828B}.Debug|Any CPU.ActiveCfg = Debug|Any CPU
		{46567172-83B6-969E-8CAD-1EA9B591828B}.Debug|Any CPU.Build.0 = Debug|Any CPU
		{46567172-83B6-969E-8CAD-1EA9B591828B}.Release|Any CPU.ActiveCfg = Release|Any CPU
		{46567172-83B6-969E-8CAD-1EA9B591828B}.Release|Any CPU.Build.0 = Release|Any CPU
		{D4CDB14F-6504-D5C7-3B2A-D9D07650889E}.Debug|Any CPU.ActiveCfg = Debug|Any CPU
		{D4CDB14F-6504-D5C7-3B2A-D9D07650889E}.Debug|Any CPU.Build.0 = Debug|Any CPU
		{D4CDB14F-6504-D5C7-3B2A-D9D07650889E}.Release|Any CPU.ActiveCfg = Release|Any CPU
		{D4CDB14F-6504-D5C7-3B2A-D9D07650889E}.Release|Any CPU.Build.0 = Release|Any CPU
		{B7531B49-50CD-7619-AA70-4EECF49F91FC}.Debug|Any CPU.ActiveCfg = Debug|Any CPU
		{B7531B49-50CD-7619-AA70-4EECF49F91FC}.Debug|Any CPU.Build.0 = Debug|Any CPU
		{B7531B49-50CD-7619-AA70-4EECF49F91FC}.Release|Any CPU.ActiveCfg = Release|Any CPU
		{B7531B49-50CD-7619-AA70-4EECF49F91FC}.Release|Any CPU.Build.0 = Release|Any CPU
		{B61335A5-1773-AF19-0D3E-DE96C9DA12B1}.Debug|Any CPU.ActiveCfg = Debug|Any CPU
		{B61335A5-1773-AF19-0D3E-DE96C9DA12B1}.Debug|Any CPU.Build.0 = Debug|Any CPU
		{B61335A5-1773-AF19-0D3E-DE96C9DA12B1}.Release|Any CPU.ActiveCfg = Release|Any CPU
		{B61335A5-1773-AF19-0D3E-DE96C9DA12B1}.Release|Any CPU.Build.0 = Release|Any CPU
		{A42AA047-79EC-0EAE-9E9C-CF0860D5B2AE}.Debug|Any CPU.ActiveCfg = Debug|Any CPU
		{A42AA047-79EC-0EAE-9E9C-CF0860D5B2AE}.Debug|Any CPU.Build.0 = Debug|Any CPU
		{A42AA047-79EC-0EAE-9E9C-CF0860D5B2AE}.Release|Any CPU.ActiveCfg = Release|Any CPU
		{A42AA047-79EC-0EAE-9E9C-CF0860D5B2AE}.Release|Any CPU.Build.0 = Release|Any CPU
	EndGlobalSection
	GlobalSection(SolutionProperties) = preSolution
		HideSolutionNode = FALSE
	EndGlobalSection
	GlobalSection(NestedProjects) = preSolution
		{3E70B586-92C1-151F-6580-CD803A701874} = {3BEF4C3E-C3FC-4481-9598-D799461B0608}
		{3085AB4A-10F6-2B4A-C3F3-D37C8A3AE533} = {3BEF4C3E-C3FC-4481-9598-D799461B0608}
		{B7531B49-50CD-7619-AA70-4EECF49F91FC} = {02EA681E-C7D8-13C7-8484-4AC65E1B71E8}
		{B61335A5-1773-AF19-0D3E-DE96C9DA12B1} = {02EA681E-C7D8-13C7-8484-4AC65E1B71E8}
		{A42AA047-79EC-0EAE-9E9C-CF0860D5B2AE} = {02EA681E-C7D8-13C7-8484-4AC65E1B71E8}
	EndGlobalSection
	GlobalSection(ExtensibilityGlobals) = postSolution
		SolutionGuid = {4C1B226C-D0FC-45A4-822D-2D5F963E429C}
	EndGlobalSection
EndGlobal
